
Microsoft Visual Studio Solution File, Format Version 12.00
# Visual Studio Version 16
VisualStudioVersion = 16.0.30804.86
MinimumVisualStudioVersion = 10.0.40219.1
Project("{9A19103F-16F7-4668-BE54-9A1E7A4F7556}") = "GiveMeStats", "GiveMeStats.csproj", "{AF9C2CBD-C40E-4018-A977-DB76D6CC6E55}"
EndProject
Global
	GlobalSection(SolutionConfigurationPlatforms) = preSolution
		Debug|Any CPU = Debug|Any CPU
		Release|Any CPU = Release|Any CPU
	EndGlobalSection
	GlobalSection(ProjectConfigurationPlatforms) = postSolution
		{AF9C2CBD-C40E-4018-A977-DB76D6CC6E55}.Debug|Any CPU.ActiveCfg = Debug|Any CPU
		{AF9C2CBD-C40E-4018-A977-DB76D6CC6E55}.Debug|Any CPU.Build.0 = Debug|Any CPU
		{AF9C2CBD-C40E-4018-A977-DB76D6CC6E55}.Release|Any CPU.ActiveCfg = Release|Any CPU
		{AF9C2CBD-C40E-4018-A977-DB76D6CC6E55}.Release|Any CPU.Build.0 = Release|Any CPU
	EndGlobalSection
	GlobalSection(SolutionProperties) = preSolution
		HideSolutionNode = FALSE
	EndGlobalSection
	GlobalSection(ExtensibilityGlobals) = postSolution
		SolutionGuid = {469E8145-05F7-4E8F-B889-3B4425CE549F}
	EndGlobalSection
EndGlobal
